
Microsoft Visual Studio Solution File, Format Version 12.00
Project("{FAE04EC0-301F-11D3-BF4B-00C04F79EFBC}") = "ConsoleApp2", "ConsoleApp2\ConsoleApp2.csproj", "{54E6044E-8E67-4F3A-8800-008A2FAB6735}"
EndProject
Project("{FAE04EC0-301F-11D3-BF4B-00C04F79EFBC}") = "ConsoleApp1", "ConsoleApp1\ConsoleApp1.csproj", "{71A4672A-866F-40AB-AADD-1A7113A6D5D8}"
EndProject
Global
	GlobalSection(SolutionConfigurationPlatforms) = preSolution
		Debug|Any CPU = Debug|Any CPU
		Release|Any CPU = Release|Any CPU
	EndGlobalSection
	GlobalSection(ProjectConfigurationPlatforms) = postSolution
		{54E6044E-8E67-4F3A-8800-008A2FAB6735}.Debug|Any CPU.ActiveCfg = Debug|Any CPU
		{54E6044E-8E67-4F3A-8800-008A2FAB6735}.Debug|Any CPU.Build.0 = Debug|Any CPU
		{54E6044E-8E67-4F3A-8800-008A2FAB6735}.Release|Any CPU.ActiveCfg = Release|Any CPU
		{54E6044E-8E67-4F3A-8800-008A2FAB6735}.Release|Any CPU.Build.0 = Release|Any CPU
		{71A4672A-866F-40AB-AADD-1A7113A6D5D8}.Debug|Any CPU.ActiveCfg = Debug|Any CPU
		{71A4672A-866F-40AB-AADD-1A7113A6D5D8}.Debug|Any CPU.Build.0 = Debug|Any CPU
		{71A4672A-866F-40AB-AADD-1A7113A6D5D8}.Release|Any CPU.ActiveCfg = Release|Any CPU
		{71A4672A-866F-40AB-AADD-1A7113A6D5D8}.Release|Any CPU.Build.0 = Release|Any CPU
	EndGlobalSection
EndGlobal
